
Microsoft Visual Studio Solution File, Format Version 12.00
# Visual Studio Version 16
VisualStudioVersion = 16.0.29728.190
MinimumVisualStudioVersion = 10.0.40219.1
Project("{FAE04EC0-301F-11D3-BF4B-00C04F79EFBC}") = "Rubserke2000", "Rubserke2000\Rubserke2000.csproj", "{DD7A5B7A-3EC5-48E2-A399-8BC70B8BE88A}"
EndProject
Global
	GlobalSection(SolutionConfigurationPlatforms) = preSolution
		Debug|Any CPU = Debug|Any CPU
		Release|Any CPU = Release|Any CPU
	EndGlobalSection
	GlobalSection(ProjectConfigurationPlatforms) = postSolution
		{DD7A5B7A-3EC5-48E2-A399-8BC70B8BE88A}.Debug|Any CPU.ActiveCfg = Debug|Any CPU
		{DD7A5B7A-3EC5-48E2-A399-8BC70B8BE88A}.Debug|Any CPU.Build.0 = Debug|Any CPU
		{DD7A5B7A-3EC5-48E2-A399-8BC70B8BE88A}.Release|Any CPU.ActiveCfg = Release|Any CPU
		{DD7A5B7A-3EC5-48E2-A399-8BC70B8BE88A}.Release|Any CPU.Build.0 = Release|Any CPU
	EndGlobalSection
	GlobalSection(SolutionProperties) = preSolution
		HideSolutionNode = FALSE
	EndGlobalSection
	GlobalSection(ExtensibilityGlobals) = postSolution
		SolutionGuid = {DDF41846-9B21-49C3-A83C-D2D4721734D4}
	EndGlobalSection
EndGlobal
